// !$*UTF8*$!
{
	archiveVersion = 1;
	classes = {
	};
	objectVersion = 56;
	objects = {

/* Begin PBXBuildFile section */
		3F05CD5F2C41D50800C686D1 /* FoodScorePreviewView.swift in Sources */ = {isa = PBXBuildFile; fileRef = 3F05CD5E2C41D50800C686D1 /* FoodScorePreviewView.swift */; };
		3F13AADA2BF2BA7500CB4945 /* SDWebImageSwiftUI in Frameworks */ = {isa = PBXBuildFile; productRef = 3F13AAD92BF2BA7500CB4945 /* SDWebImageSwiftUI */; };
		3F13AADC2BF2BA8600CB4945 /* ImageLoaderView.swift in Sources */ = {isa = PBXBuildFile; fileRef = 3F13AADB2BF2BA8600CB4945 /* ImageLoaderView.swift */; };
		3F13AADE2BF2BC4B00CB4945 /* Constants.swift in Sources */ = {isa = PBXBuildFile; fileRef = 3F13AADD2BF2BC4B00CB4945 /* Constants.swift */; };
		3F48F0642BF0B2090007EC25 /* VitallyApp.swift in Sources */ = {isa = PBXBuildFile; fileRef = 3F48F0632BF0B2090007EC25 /* VitallyApp.swift */; };
		3F48F0662BF0B2090007EC25 /* ContentView.swift in Sources */ = {isa = PBXBuildFile; fileRef = 3F48F0652BF0B2090007EC25 /* ContentView.swift */; };
		3F48F0682BF0B20A0007EC25 /* Assets.xcassets in Resources */ = {isa = PBXBuildFile; fileRef = 3F48F0672BF0B20A0007EC25 /* Assets.xcassets */; };
		3F48F06B2BF0B20A0007EC25 /* Preview Assets.xcassets in Resources */ = {isa = PBXBuildFile; fileRef = 3F48F06A2BF0B20A0007EC25 /* Preview Assets.xcassets */; };
		3F710F7F2BF66B71005E689C /* Onboarding1View.swift in Sources */ = {isa = PBXBuildFile; fileRef = 3F710F7E2BF66B71005E689C /* Onboarding1View.swift */; };
		3F710F812BF66F65005E689C /* OnboardingTabView.swift in Sources */ = {isa = PBXBuildFile; fileRef = 3F710F802BF66F65005E689C /* OnboardingTabView.swift */; };
		3F710F832BF67685005E689C /* OnboardingFinalView.swift in Sources */ = {isa = PBXBuildFile; fileRef = 3F710F822BF67685005E689C /* OnboardingFinalView.swift */; };
		3F9DCBD52BF34EEE00E10205 /* HistoryViewModel.swift in Sources */ = {isa = PBXBuildFile; fileRef = 3F9DCBD42BF34EEE00E10205 /* HistoryViewModel.swift */; };
		3F9DCBD72BF39F7200E10205 /* ProductDetailsView.swift in Sources */ = {isa = PBXBuildFile; fileRef = 3F9DCBD62BF39F7200E10205 /* ProductDetailsView.swift */; };
		3F9DCBDA2BF4C18F00E10205 /* NovaBadgeView.swift in Sources */ = {isa = PBXBuildFile; fileRef = 3F9DCBD92BF4C18F00E10205 /* NovaBadgeView.swift */; };
		3F9DCBDD2BF4F40600E10205 /* NutrientView.swift in Sources */ = {isa = PBXBuildFile; fileRef = 3F9DCBDC2BF4F40600E10205 /* NutrientView.swift */; };
		3F9DCBDF2BF4F79B00E10205 /* ScannerSheetView.swift in Sources */ = {isa = PBXBuildFile; fileRef = 3F9DCBDE2BF4F79B00E10205 /* ScannerSheetView.swift */; };
		3F9DCBE22BF56C3600E10205 /* SearchView.swift in Sources */ = {isa = PBXBuildFile; fileRef = 3F9DCBE12BF56C3600E10205 /* SearchView.swift */; };
		3F9DCBE42BF56E1700E10205 /* SearchViewModel.swift in Sources */ = {isa = PBXBuildFile; fileRef = 3F9DCBE32BF56E1700E10205 /* SearchViewModel.swift */; };
		3F9DCBE62BF56EC000E10205 /* Search.swift in Sources */ = {isa = PBXBuildFile; fileRef = 3F9DCBE52BF56EC000E10205 /* Search.swift */; };
		3FDC5F832BFBB3400029BFE8 /* Scanner.swift in Sources */ = {isa = PBXBuildFile; fileRef = 3FDC5F822BFBB3400029BFE8 /* Scanner.swift */; };
		3FDC5F852BFD22B20029BFE8 /* FoodPreference.swift in Sources */ = {isa = PBXBuildFile; fileRef = 3FDC5F842BFD22B20029BFE8 /* FoodPreference.swift */; };
		3FDC5F872BFD22F50029BFE8 /* FoodPreferenceViewModel.swift in Sources */ = {isa = PBXBuildFile; fileRef = 3FDC5F862BFD22F50029BFE8 /* FoodPreferenceViewModel.swift */; };
		3FDC5F892BFD236F0029BFE8 /* FoodPreferencesView.swift in Sources */ = {isa = PBXBuildFile; fileRef = 3FDC5F882BFD236F0029BFE8 /* FoodPreferencesView.swift */; };
		3FDC5F8B2BFD23BA0029BFE8 /* MatchPercentageView.swift in Sources */ = {isa = PBXBuildFile; fileRef = 3FDC5F8A2BFD23BA0029BFE8 /* MatchPercentageView.swift */; };
		3FDC5F8E2BFDD0F90029BFE8 /* ListsView.swift in Sources */ = {isa = PBXBuildFile; fileRef = 3FDC5F8D2BFDD0F90029BFE8 /* ListsView.swift */; };
		3FDC5F902BFDD3A10029BFE8 /* FoodList.swift in Sources */ = {isa = PBXBuildFile; fileRef = 3FDC5F8F2BFDD3A10029BFE8 /* FoodList.swift */; };
		3FDC5F922BFDD3B90029BFE8 /* ListViewModel.swift in Sources */ = {isa = PBXBuildFile; fileRef = 3FDC5F912BFDD3B90029BFE8 /* ListViewModel.swift */; };
		3FDC5F942BFDD4DD0029BFE8 /* NewListView.swift in Sources */ = {isa = PBXBuildFile; fileRef = 3FDC5F932BFDD4DD0029BFE8 /* NewListView.swift */; };
		3FDC5F962BFDF7310029BFE8 /* ListDetailView.swift in Sources */ = {isa = PBXBuildFile; fileRef = 3FDC5F952BFDF7310029BFE8 /* ListDetailView.swift */; };
		3FDC5F982BFDFFAF0029BFE8 /* ListSelectionView.swift in Sources */ = {isa = PBXBuildFile; fileRef = 3FDC5F972BFDFFAF0029BFE8 /* ListSelectionView.swift */; };
		3FDC5F9A2BFF9D040029BFE8 /* ProductDetailsViewModel.swift in Sources */ = {isa = PBXBuildFile; fileRef = 3FDC5F992BFF9D040029BFE8 /* ProductDetailsViewModel.swift */; };
		3FDC5F9C2C00F5860029BFE8 /* NoProductFoundView.swift in Sources */ = {isa = PBXBuildFile; fileRef = 3FDC5F9B2C00F5860029BFE8 /* NoProductFoundView.swift */; };
		3FDC5F9E2C0113360029BFE8 /* SearchCatagoryRowView.swift in Sources */ = {isa = PBXBuildFile; fileRef = 3FDC5F9D2C0113360029BFE8 /* SearchCatagoryRowView.swift */; };
		3FDC5FA02C04E2810029BFE8 /* SearchProductDetailsView.swift in Sources */ = {isa = PBXBuildFile; fileRef = 3FDC5F9F2C04E2810029BFE8 /* SearchProductDetailsView.swift */; };
		3FEA9B102BF13F08009598CA /* AuthViewModel.swift in Sources */ = {isa = PBXBuildFile; fileRef = 3FEA9B092BF13F08009598CA /* AuthViewModel.swift */; };
		3FEA9B112BF13F08009598CA /* ForgotPasswordView.swift in Sources */ = {isa = PBXBuildFile; fileRef = 3FEA9B0B2BF13F08009598CA /* ForgotPasswordView.swift */; };
		3FEA9B122BF13F08009598CA /* LoginView.swift in Sources */ = {isa = PBXBuildFile; fileRef = 3FEA9B0C2BF13F08009598CA /* LoginView.swift */; };
		3FEA9B132BF13F08009598CA /* RegistrationView.swift in Sources */ = {isa = PBXBuildFile; fileRef = 3FEA9B0D2BF13F08009598CA /* RegistrationView.swift */; };
		3FEA9B162BF13F4E009598CA /* FirebaseAuth in Frameworks */ = {isa = PBXBuildFile; productRef = 3FEA9B152BF13F4E009598CA /* FirebaseAuth */; };
		3FEA9B182BF13F4E009598CA /* FirebaseFirestore in Frameworks */ = {isa = PBXBuildFile; productRef = 3FEA9B172BF13F4E009598CA /* FirebaseFirestore */; };
		3FEA9B1A2BF13F4E009598CA /* FirebaseFirestoreSwift in Frameworks */ = {isa = PBXBuildFile; productRef = 3FEA9B192BF13F4E009598CA /* FirebaseFirestoreSwift */; };
		3FEA9B222BF13FF3009598CA /* User.swift in Sources */ = {isa = PBXBuildFile; fileRef = 3FEA9B212BF13FF3009598CA /* User.swift */; };
		3FEA9B292BF14117009598CA /* InputView.swift in Sources */ = {isa = PBXBuildFile; fileRef = 3FEA9B282BF14117009598CA /* InputView.swift */; };
		3FEA9B2D2BF14488009598CA /* MainTab.swift in Sources */ = {isa = PBXBuildFile; fileRef = 3FEA9B2C2BF14488009598CA /* MainTab.swift */; };
		3FEA9B2F2BF146F9009598CA /* GoogleService-Info.plist in Resources */ = {isa = PBXBuildFile; fileRef = 3FEA9B2E2BF146F9009598CA /* GoogleService-Info.plist */; };
		3FEA9B332BF14B22009598CA /* SettingsView.swift in Sources */ = {isa = PBXBuildFile; fileRef = 3FEA9B322BF14B22009598CA /* SettingsView.swift */; };
		3FEA9B372BF14BB9009598CA /* SettingsRowView.swift in Sources */ = {isa = PBXBuildFile; fileRef = 3FEA9B362BF14BB9009598CA /* SettingsRowView.swift */; };
		3FEA9B392BF2089D009598CA /* ScannerView.swift in Sources */ = {isa = PBXBuildFile; fileRef = 3FEA9B382BF2089D009598CA /* ScannerView.swift */; };
		3FEA9B3C2BF209BD009598CA /* HistoryView.swift in Sources */ = {isa = PBXBuildFile; fileRef = 3FEA9B3B2BF209BD009598CA /* HistoryView.swift */; };
		3FEA9B3F2BF21387009598CA /* Product.swift in Sources */ = {isa = PBXBuildFile; fileRef = 3FEA9B3E2BF21387009598CA /* Product.swift */; };
		3FEA9B412BF21828009598CA /* TestView.swift in Sources */ = {isa = PBXBuildFile; fileRef = 3FEA9B402BF21828009598CA /* TestView.swift */; };
		3FEA9B442BF21BF4009598CA /* FoodProductViewModel.swift in Sources */ = {isa = PBXBuildFile; fileRef = 3FEA9B432BF21BF4009598CA /* FoodProductViewModel.swift */; };
/* End PBXBuildFile section */

/* Begin PBXFileReference section */
		3F05CD5E2C41D50800C686D1 /* FoodScorePreviewView.swift */ = {isa = PBXFileReference; lastKnownFileType = sourcecode.swift; path = FoodScorePreviewView.swift; sourceTree = "<group>"; };
		3F05CD602C428AF400C686D1 /* Info.plist */ = {isa = PBXFileReference; lastKnownFileType = text.plist; path = Info.plist; sourceTree = "<group>"; };
		3F13AADB2BF2BA8600CB4945 /* ImageLoaderView.swift */ = {isa = PBXFileReference; lastKnownFileType = sourcecode.swift; path = ImageLoaderView.swift; sourceTree = "<group>"; };
		3F13AADD2BF2BC4B00CB4945 /* Constants.swift */ = {isa = PBXFileReference; lastKnownFileType = sourcecode.swift; path = Constants.swift; sourceTree = "<group>"; };
		3F48F0602BF0B2090007EC25 /* Vitally.app */ = {isa = PBXFileReference; explicitFileType = wrapper.application; includeInIndex = 0; path = Vitally.app; sourceTree = BUILT_PRODUCTS_DIR; };
		3F48F0632BF0B2090007EC25 /* VitallyApp.swift */ = {isa = PBXFileReference; lastKnownFileType = sourcecode.swift; path = VitallyApp.swift; sourceTree = "<group>"; };
		3F48F0652BF0B2090007EC25 /* ContentView.swift */ = {isa = PBXFileReference; lastKnownFileType = sourcecode.swift; path = ContentView.swift; sourceTree = "<group>"; };
		3F48F0672BF0B20A0007EC25 /* Assets.xcassets */ = {isa = PBXFileReference; lastKnownFileType = folder.assetcatalog; path = Assets.xcassets; sourceTree = "<group>"; };
		3F48F06A2BF0B20A0007EC25 /* Preview Assets.xcassets */ = {isa = PBXFileReference; lastKnownFileType = folder.assetcatalog; path = "Preview Assets.xcassets"; sourceTree = "<group>"; };
		3F710F7E2BF66B71005E689C /* Onboarding1View.swift */ = {isa = PBXFileReference; lastKnownFileType = sourcecode.swift; path = Onboarding1View.swift; sourceTree = "<group>"; };
		3F710F802BF66F65005E689C /* OnboardingTabView.swift */ = {isa = PBXFileReference; lastKnownFileType = sourcecode.swift; path = OnboardingTabView.swift; sourceTree = "<group>"; };
		3F710F822BF67685005E689C /* OnboardingFinalView.swift */ = {isa = PBXFileReference; lastKnownFileType = sourcecode.swift; path = OnboardingFinalView.swift; sourceTree = "<group>"; };
		3F9DCBD42BF34EEE00E10205 /* HistoryViewModel.swift */ = {isa = PBXFileReference; lastKnownFileType = sourcecode.swift; path = HistoryViewModel.swift; sourceTree = "<group>"; };
		3F9DCBD62BF39F7200E10205 /* ProductDetailsView.swift */ = {isa = PBXFileReference; lastKnownFileType = sourcecode.swift; path = ProductDetailsView.swift; sourceTree = "<group>"; };
		3F9DCBD92BF4C18F00E10205 /* NovaBadgeView.swift */ = {isa = PBXFileReference; lastKnownFileType = sourcecode.swift; path = NovaBadgeView.swift; sourceTree = "<group>"; };
		3F9DCBDC2BF4F40600E10205 /* NutrientView.swift */ = {isa = PBXFileReference; lastKnownFileType = sourcecode.swift; path = NutrientView.swift; sourceTree = "<group>"; };
		3F9DCBDE2BF4F79B00E10205 /* ScannerSheetView.swift */ = {isa = PBXFileReference; lastKnownFileType = sourcecode.swift; path = ScannerSheetView.swift; sourceTree = "<group>"; };
		3F9DCBE12BF56C3600E10205 /* SearchView.swift */ = {isa = PBXFileReference; lastKnownFileType = sourcecode.swift; path = SearchView.swift; sourceTree = "<group>"; };
		3F9DCBE32BF56E1700E10205 /* SearchViewModel.swift */ = {isa = PBXFileReference; lastKnownFileType = sourcecode.swift; path = SearchViewModel.swift; sourceTree = "<group>"; };
		3F9DCBE52BF56EC000E10205 /* Search.swift */ = {isa = PBXFileReference; lastKnownFileType = sourcecode.swift; path = Search.swift; sourceTree = "<group>"; };
		3FDC5F822BFBB3400029BFE8 /* Scanner.swift */ = {isa = PBXFileReference; lastKnownFileType = sourcecode.swift; path = Scanner.swift; sourceTree = "<group>"; };
		3FDC5F842BFD22B20029BFE8 /* FoodPreference.swift */ = {isa = PBXFileReference; lastKnownFileType = sourcecode.swift; path = FoodPreference.swift; sourceTree = "<group>"; };
		3FDC5F862BFD22F50029BFE8 /* FoodPreferenceViewModel.swift */ = {isa = PBXFileReference; lastKnownFileType = sourcecode.swift; path = FoodPreferenceViewModel.swift; sourceTree = "<group>"; };
		3FDC5F882BFD236F0029BFE8 /* FoodPreferencesView.swift */ = {isa = PBXFileReference; lastKnownFileType = sourcecode.swift; path = FoodPreferencesView.swift; sourceTree = "<group>"; };
		3FDC5F8A2BFD23BA0029BFE8 /* MatchPercentageView.swift */ = {isa = PBXFileReference; lastKnownFileType = sourcecode.swift; path = MatchPercentageView.swift; sourceTree = "<group>"; };
		3FDC5F8D2BFDD0F90029BFE8 /* ListsView.swift */ = {isa = PBXFileReference; lastKnownFileType = sourcecode.swift; path = ListsView.swift; sourceTree = "<group>"; };
		3FDC5F8F2BFDD3A10029BFE8 /* FoodList.swift */ = {isa = PBXFileReference; lastKnownFileType = sourcecode.swift; path = FoodList.swift; sourceTree = "<group>"; };
		3FDC5F912BFDD3B90029BFE8 /* ListViewModel.swift */ = {isa = PBXFileReference; lastKnownFileType = sourcecode.swift; path = ListViewModel.swift; sourceTree = "<group>"; };
		3FDC5F932BFDD4DD0029BFE8 /* NewListView.swift */ = {isa = PBXFileReference; lastKnownFileType = sourcecode.swift; path = NewListView.swift; sourceTree = "<group>"; };
		3FDC5F952BFDF7310029BFE8 /* ListDetailView.swift */ = {isa = PBXFileReference; lastKnownFileType = sourcecode.swift; path = ListDetailView.swift; sourceTree = "<group>"; };
		3FDC5F972BFDFFAF0029BFE8 /* ListSelectionView.swift */ = {isa = PBXFileReference; lastKnownFileType = sourcecode.swift; path = ListSelectionView.swift; sourceTree = "<group>"; };
		3FDC5F992BFF9D040029BFE8 /* ProductDetailsViewModel.swift */ = {isa = PBXFileReference; lastKnownFileType = sourcecode.swift; path = ProductDetailsViewModel.swift; sourceTree = "<group>"; };
		3FDC5F9B2C00F5860029BFE8 /* NoProductFoundView.swift */ = {isa = PBXFileReference; lastKnownFileType = sourcecode.swift; path = NoProductFoundView.swift; sourceTree = "<group>"; };
		3FDC5F9D2C0113360029BFE8 /* SearchCatagoryRowView.swift */ = {isa = PBXFileReference; lastKnownFileType = sourcecode.swift; path = SearchCatagoryRowView.swift; sourceTree = "<group>"; };
		3FDC5F9F2C04E2810029BFE8 /* SearchProductDetailsView.swift */ = {isa = PBXFileReference; lastKnownFileType = sourcecode.swift; path = SearchProductDetailsView.swift; sourceTree = "<group>"; };
		3FEA9B092BF13F08009598CA /* AuthViewModel.swift */ = {isa = PBXFileReference; fileEncoding = 4; lastKnownFileType = sourcecode.swift; path = AuthViewModel.swift; sourceTree = "<group>"; };
		3FEA9B0B2BF13F08009598CA /* ForgotPasswordView.swift */ = {isa = PBXFileReference; fileEncoding = 4; lastKnownFileType = sourcecode.swift; path = ForgotPasswordView.swift; sourceTree = "<group>"; };
		3FEA9B0C2BF13F08009598CA /* LoginView.swift */ = {isa = PBXFileReference; fileEncoding = 4; lastKnownFileType = sourcecode.swift; path = LoginView.swift; sourceTree = "<group>"; };
		3FEA9B0D2BF13F08009598CA /* RegistrationView.swift */ = {isa = PBXFileReference; fileEncoding = 4; lastKnownFileType = sourcecode.swift; path = RegistrationView.swift; sourceTree = "<group>"; };
		3FEA9B212BF13FF3009598CA /* User.swift */ = {isa = PBXFileReference; fileEncoding = 4; lastKnownFileType = sourcecode.swift; name = User.swift; path = ../../../../../AppStoreApps/ScubaCashing/ScubaCashing/ScubaCashing/Model/User.swift; sourceTree = "<group>"; };
		3FEA9B282BF14117009598CA /* InputView.swift */ = {isa = PBXFileReference; lastKnownFileType = sourcecode.swift; path = InputView.swift; sourceTree = "<group>"; };
		3FEA9B2C2BF14488009598CA /* MainTab.swift */ = {isa = PBXFileReference; lastKnownFileType = sourcecode.swift; path = MainTab.swift; sourceTree = "<group>"; };
		3FEA9B2E2BF146F9009598CA /* GoogleService-Info.plist */ = {isa = PBXFileReference; fileEncoding = 4; lastKnownFileType = text.plist.xml; name = "GoogleService-Info.plist"; path = "../../../../../../Downloads/GoogleService-Info.plist"; sourceTree = "<group>"; };
		3FEA9B322BF14B22009598CA /* SettingsView.swift */ = {isa = PBXFileReference; lastKnownFileType = sourcecode.swift; path = SettingsView.swift; sourceTree = "<group>"; };
		3FEA9B362BF14BB9009598CA /* SettingsRowView.swift */ = {isa = PBXFileReference; lastKnownFileType = sourcecode.swift; path = SettingsRowView.swift; sourceTree = "<group>"; };
		3FEA9B382BF2089D009598CA /* ScannerView.swift */ = {isa = PBXFileReference; lastKnownFileType = sourcecode.swift; path = ScannerView.swift; sourceTree = "<group>"; };
		3FEA9B3B2BF209BD009598CA /* HistoryView.swift */ = {isa = PBXFileReference; lastKnownFileType = sourcecode.swift; path = HistoryView.swift; sourceTree = "<group>"; };
		3FEA9B3E2BF21387009598CA /* Product.swift */ = {isa = PBXFileReference; lastKnownFileType = sourcecode.swift; path = Product.swift; sourceTree = "<group>"; };
		3FEA9B402BF21828009598CA /* TestView.swift */ = {isa = PBXFileReference; lastKnownFileType = sourcecode.swift; path = TestView.swift; sourceTree = "<group>"; };
		3FEA9B432BF21BF4009598CA /* FoodProductViewModel.swift */ = {isa = PBXFileReference; lastKnownFileType = sourcecode.swift; path = FoodProductViewModel.swift; sourceTree = "<group>"; };
/* End PBXFileReference section */

/* Begin PBXFrameworksBuildPhase section */
		3F48F05D2BF0B2090007EC25 /* Frameworks */ = {
			isa = PBXFrameworksBuildPhase;
			buildActionMask = 2147483647;
			files = (
				3F13AADA2BF2BA7500CB4945 /* SDWebImageSwiftUI in Frameworks */,
				3FEA9B162BF13F4E009598CA /* FirebaseAuth in Frameworks */,
				3FEA9B182BF13F4E009598CA /* FirebaseFirestore in Frameworks */,
				3FEA9B1A2BF13F4E009598CA /* FirebaseFirestoreSwift in Frameworks */,
			);
			runOnlyForDeploymentPostprocessing = 0;
		};
/* End PBXFrameworksBuildPhase section */

/* Begin PBXGroup section */
		3F48F0572BF0B2090007EC25 = {
			isa = PBXGroup;
			children = (
				3F48F0622BF0B2090007EC25 /* Vitally */,
				3F48F0612BF0B2090007EC25 /* Products */,
			);
			sourceTree = "<group>";
		};
		3F48F0612BF0B2090007EC25 /* Products */ = {
			isa = PBXGroup;
			children = (
				3F48F0602BF0B2090007EC25 /* Vitally.app */,
			);
			name = Products;
			sourceTree = "<group>";
		};
		3F48F0622BF0B2090007EC25 /* Vitally */ = {
			isa = PBXGroup;
			children = (
				3F05CD602C428AF400C686D1 /* Info.plist */,
				3FDC5F812BFBB32B0029BFE8 /* Utils */,
				3F48F0632BF0B2090007EC25 /* VitallyApp.swift */,
				3FEA9B0F2BF13F08009598CA /* Authentication */,
				3FEA9B232BF1406D009598CA /* Core */,
				3FEA9B252BF1408C009598CA /* Components */,
				3FEA9B202BF13FE8009598CA /* Models */,
				3FEA9B242BF14074009598CA /* Root */,
				3F48F0672BF0B20A0007EC25 /* Assets.xcassets */,
				3FEA9B2E2BF146F9009598CA /* GoogleService-Info.plist */,
				3F48F0692BF0B20A0007EC25 /* Preview Content */,
			);
			path = Vitally;
			sourceTree = "<group>";
		};
		3F48F0692BF0B20A0007EC25 /* Preview Content */ = {
			isa = PBXGroup;
			children = (
				3F48F06A2BF0B20A0007EC25 /* Preview Assets.xcassets */,
			);
			path = "Preview Content";
			sourceTree = "<group>";
		};
		3F710F7D2BF66AFF005E689C /* Onboarding */ = {
			isa = PBXGroup;
			children = (
				3F710F7E2BF66B71005E689C /* Onboarding1View.swift */,
				3F710F822BF67685005E689C /* OnboardingFinalView.swift */,
				3F710F802BF66F65005E689C /* OnboardingTabView.swift */,
			);
			path = Onboarding;
			sourceTree = "<group>";
		};
		3F9DCBD12BF34E1700E10205 /* Settings */ = {
			isa = PBXGroup;
			children = (
				3FEA9B322BF14B22009598CA /* SettingsView.swift */,
				3FDC5F882BFD236F0029BFE8 /* FoodPreferencesView.swift */,
			);
			path = Settings;
			sourceTree = "<group>";
		};
		3F9DCBD22BF34E1F00E10205 /* Scanner */ = {
			isa = PBXGroup;
			children = (
				3FEA9B382BF2089D009598CA /* ScannerView.swift */,
				3F9DCBDE2BF4F79B00E10205 /* ScannerSheetView.swift */,
				3FDC5F9B2C00F5860029BFE8 /* NoProductFoundView.swift */,
			);
			path = Scanner;
			sourceTree = "<group>";
		};
		3F9DCBD32BF34E2A00E10205 /* History */ = {
			isa = PBXGroup;
			children = (
				3FEA9B3B2BF209BD009598CA /* HistoryView.swift */,
			);
			path = History;
			sourceTree = "<group>";
		};
		3F9DCBE02BF56C2800E10205 /* Search */ = {
			isa = PBXGroup;
			children = (
				3F9DCBE12BF56C3600E10205 /* SearchView.swift */,
			);
			path = Search;
			sourceTree = "<group>";
		};
		3FDC5F812BFBB32B0029BFE8 /* Utils */ = {
			isa = PBXGroup;
			children = (
				3FDC5F822BFBB3400029BFE8 /* Scanner.swift */,
			);
			path = Utils;
			sourceTree = "<group>";
		};
		3FDC5F8C2BFDD0EC0029BFE8 /* Lists */ = {
			isa = PBXGroup;
			children = (
				3FDC5F8D2BFDD0F90029BFE8 /* ListsView.swift */,
				3FDC5F932BFDD4DD0029BFE8 /* NewListView.swift */,
				3FDC5F952BFDF7310029BFE8 /* ListDetailView.swift */,
				3FDC5F972BFDFFAF0029BFE8 /* ListSelectionView.swift */,
			);
			path = Lists;
			sourceTree = "<group>";
		};
		3FEA9B0A2BF13F08009598CA /* ViewModel */ = {
			isa = PBXGroup;
			children = (
				3FEA9B092BF13F08009598CA /* AuthViewModel.swift */,
			);
			path = ViewModel;
			sourceTree = "<group>";
		};
		3FEA9B0E2BF13F08009598CA /* Views */ = {
			isa = PBXGroup;
			children = (
				3FEA9B0B2BF13F08009598CA /* ForgotPasswordView.swift */,
				3FEA9B0C2BF13F08009598CA /* LoginView.swift */,
				3FEA9B0D2BF13F08009598CA /* RegistrationView.swift */,
			);
			path = Views;
			sourceTree = "<group>";
		};
		3FEA9B0F2BF13F08009598CA /* Authentication */ = {
			isa = PBXGroup;
			children = (
				3FEA9B0A2BF13F08009598CA /* ViewModel */,
				3FEA9B0E2BF13F08009598CA /* Views */,
			);
			name = Authentication;
			path = ../../../../AppStoreApps/ScubaCashing/ScubaCashing/ScubaCashing/Core/Authentication;
			sourceTree = "<group>";
		};
		3FEA9B202BF13FE8009598CA /* Models */ = {
			isa = PBXGroup;
			children = (
				3FEA9B212BF13FF3009598CA /* User.swift */,
				3FEA9B3E2BF21387009598CA /* Product.swift */,
				3F9DCBE52BF56EC000E10205 /* Search.swift */,
				3FDC5F842BFD22B20029BFE8 /* FoodPreference.swift */,
				3FDC5F8F2BFDD3A10029BFE8 /* FoodList.swift */,
			);
			path = Models;
			sourceTree = "<group>";
		};
		3FEA9B232BF1406D009598CA /* Core */ = {
			isa = PBXGroup;
			children = (
				3FEA9B422BF21BDE009598CA /* ViewModel */,
				3FEA9B3A2BF20999009598CA /* Screens */,
				3FEA9B2C2BF14488009598CA /* MainTab.swift */,
			);
			path = Core;
			sourceTree = "<group>";
		};
		3FEA9B242BF14074009598CA /* Root */ = {
			isa = PBXGroup;
			children = (
				3F48F0652BF0B2090007EC25 /* ContentView.swift */,
			);
			path = Root;
			sourceTree = "<group>";
		};
		3FEA9B252BF1408C009598CA /* Components */ = {
			isa = PBXGroup;
			children = (
				3F13AADD2BF2BC4B00CB4945 /* Constants.swift */,
				3FEA9B282BF14117009598CA /* InputView.swift */,
				3F13AADB2BF2BA8600CB4945 /* ImageLoaderView.swift */,
				3F9DCBD92BF4C18F00E10205 /* NovaBadgeView.swift */,
				3F9DCBDC2BF4F40600E10205 /* NutrientView.swift */,
				3FDC5F8A2BFD23BA0029BFE8 /* MatchPercentageView.swift */,
				3F05CD5E2C41D50800C686D1 /* FoodScorePreviewView.swift */,
				3F9DCBD62BF39F7200E10205 /* ProductDetailsView.swift */,
				3FEA9B362BF14BB9009598CA /* SettingsRowView.swift */,
				3FDC5F9D2C0113360029BFE8 /* SearchCatagoryRowView.swift */,
				3FDC5F9F2C04E2810029BFE8 /* SearchProductDetailsView.swift */,
			);
			path = Components;
			sourceTree = "<group>";
		};
		3FEA9B3A2BF20999009598CA /* Screens */ = {
			isa = PBXGroup;
			children = (
				3F9DCBD32BF34E2A00E10205 /* History */,
				3FDC5F8C2BFDD0EC0029BFE8 /* Lists */,
				3F710F7D2BF66AFF005E689C /* Onboarding */,
				3F9DCBE02BF56C2800E10205 /* Search */,
				3F9DCBD12BF34E1700E10205 /* Settings */,
				3F9DCBD22BF34E1F00E10205 /* Scanner */,
				3FEA9B402BF21828009598CA /* TestView.swift */,
			);
			path = Screens;
			sourceTree = "<group>";
		};
		3FEA9B422BF21BDE009598CA /* ViewModel */ = {
			isa = PBXGroup;
			children = (
				3FDC5F862BFD22F50029BFE8 /* FoodPreferenceViewModel.swift */,
				3FEA9B432BF21BF4009598CA /* FoodProductViewModel.swift */,
				3F9DCBD42BF34EEE00E10205 /* HistoryViewModel.swift */,
				3FDC5F912BFDD3B90029BFE8 /* ListViewModel.swift */,
				3FDC5F992BFF9D040029BFE8 /* ProductDetailsViewModel.swift */,
				3F9DCBE32BF56E1700E10205 /* SearchViewModel.swift */,
			);
			path = ViewModel;
			sourceTree = "<group>";
		};
/* End PBXGroup section */

/* Begin PBXNativeTarget section */
		3F48F05F2BF0B2090007EC25 /* Vitally */ = {
			isa = PBXNativeTarget;
			buildConfigurationList = 3F48F06E2BF0B20A0007EC25 /* Build configuration list for PBXNativeTarget "Vitally" */;
			buildPhases = (
				3F48F05C2BF0B2090007EC25 /* Sources */,
				3F48F05D2BF0B2090007EC25 /* Frameworks */,
				3F48F05E2BF0B2090007EC25 /* Resources */,
			);
			buildRules = (
			);
			dependencies = (
			);
			name = Vitally;
			packageProductDependencies = (
				3FEA9B152BF13F4E009598CA /* FirebaseAuth */,
				3FEA9B172BF13F4E009598CA /* FirebaseFirestore */,
				3FEA9B192BF13F4E009598CA /* FirebaseFirestoreSwift */,
				3F13AAD92BF2BA7500CB4945 /* SDWebImageSwiftUI */,
			);
			productName = Vitally;
			productReference = 3F48F0602BF0B2090007EC25 /* Vitally.app */;
			productType = "com.apple.product-type.application";
		};
/* End PBXNativeTarget section */

/* Begin PBXProject section */
		3F48F0582BF0B2090007EC25 /* Project object */ = {
			isa = PBXProject;
			attributes = {
				BuildIndependentTargetsInParallel = 1;
				LastSwiftUpdateCheck = 1530;
				LastUpgradeCheck = 1530;
				TargetAttributes = {
					3F48F05F2BF0B2090007EC25 = {
						CreatedOnToolsVersion = 15.3;
					};
				};
			};
			buildConfigurationList = 3F48F05B2BF0B2090007EC25 /* Build configuration list for PBXProject "Vitally" */;
			compatibilityVersion = "Xcode 14.0";
			developmentRegion = en;
			hasScannedForEncodings = 0;
			knownRegions = (
				en,
				Base,
			);
			mainGroup = 3F48F0572BF0B2090007EC25;
			packageReferences = (
				3FEA9B142BF13F4E009598CA /* XCRemoteSwiftPackageReference "firebase-ios-sdk" */,
				3F13AAD82BF2BA7500CB4945 /* XCRemoteSwiftPackageReference "SDWebImageSwiftUI" */,
			);
			productRefGroup = 3F48F0612BF0B2090007EC25 /* Products */;
			projectDirPath = "";
			projectRoot = "";
			targets = (
				3F48F05F2BF0B2090007EC25 /* Vitally */,
			);
		};
/* End PBXProject section */

/* Begin PBXResourcesBuildPhase section */
		3F48F05E2BF0B2090007EC25 /* Resources */ = {
			isa = PBXResourcesBuildPhase;
			buildActionMask = 2147483647;
			files = (
				3F48F06B2BF0B20A0007EC25 /* Preview Assets.xcassets in Resources */,
				3F48F0682BF0B20A0007EC25 /* Assets.xcassets in Resources */,
				3FEA9B2F2BF146F9009598CA /* GoogleService-Info.plist in Resources */,
			);
			runOnlyForDeploymentPostprocessing = 0;
		};
/* End PBXResourcesBuildPhase section */

/* Begin PBXSourcesBuildPhase section */
		3F48F05C2BF0B2090007EC25 /* Sources */ = {
			isa = PBXSourcesBuildPhase;
			buildActionMask = 2147483647;
			files = (
				3F48F0662BF0B2090007EC25 /* ContentView.swift in Sources */,
				3F48F0642BF0B2090007EC25 /* VitallyApp.swift in Sources */,
				3FEA9B112BF13F08009598CA /* ForgotPasswordView.swift in Sources */,
				3FDC5F962BFDF7310029BFE8 /* ListDetailView.swift in Sources */,
				3FEA9B222BF13FF3009598CA /* User.swift in Sources */,
				3F9DCBE22BF56C3600E10205 /* SearchView.swift in Sources */,
				3FEA9B3C2BF209BD009598CA /* HistoryView.swift in Sources */,
				3FDC5F982BFDFFAF0029BFE8 /* ListSelectionView.swift in Sources */,
				3F9DCBD52BF34EEE00E10205 /* HistoryViewModel.swift in Sources */,
				3FDC5F942BFDD4DD0029BFE8 /* NewListView.swift in Sources */,
				3F05CD5F2C41D50800C686D1 /* FoodScorePreviewView.swift in Sources */,
				3FEA9B2D2BF14488009598CA /* MainTab.swift in Sources */,
				3FDC5F8B2BFD23BA0029BFE8 /* MatchPercentageView.swift in Sources */,
				3FEA9B442BF21BF4009598CA /* FoodProductViewModel.swift in Sources */,
				3FDC5F852BFD22B20029BFE8 /* FoodPreference.swift in Sources */,
				3FDC5F832BFBB3400029BFE8 /* Scanner.swift in Sources */,
				3FDC5F872BFD22F50029BFE8 /* FoodPreferenceViewModel.swift in Sources */,
				3FEA9B412BF21828009598CA /* TestView.swift in Sources */,
				3F9DCBD72BF39F7200E10205 /* ProductDetailsView.swift in Sources */,
				3F710F832BF67685005E689C /* OnboardingFinalView.swift in Sources */,
				3F710F812BF66F65005E689C /* OnboardingTabView.swift in Sources */,
				3FDC5F902BFDD3A10029BFE8 /* FoodList.swift in Sources */,
				3FDC5F8E2BFDD0F90029BFE8 /* ListsView.swift in Sources */,
				3FDC5F9C2C00F5860029BFE8 /* NoProductFoundView.swift in Sources */,
				3FEA9B132BF13F08009598CA /* RegistrationView.swift in Sources */,
				3FEA9B292BF14117009598CA /* InputView.swift in Sources */,
				3F9DCBE62BF56EC000E10205 /* Search.swift in Sources */,
				3FEA9B372BF14BB9009598CA /* SettingsRowView.swift in Sources */,
				3FEA9B122BF13F08009598CA /* LoginView.swift in Sources */,
				3FEA9B392BF2089D009598CA /* ScannerView.swift in Sources */,
				3F9DCBDD2BF4F40600E10205 /* NutrientView.swift in Sources */,
				3F9DCBDA2BF4C18F00E10205 /* NovaBadgeView.swift in Sources */,
				3FEA9B102BF13F08009598CA /* AuthViewModel.swift in Sources */,
				3FEA9B332BF14B22009598CA /* SettingsView.swift in Sources */,
				3FDC5FA02C04E2810029BFE8 /* SearchProductDetailsView.swift in Sources */,
				3F13AADC2BF2BA8600CB4945 /* ImageLoaderView.swift in Sources */,
				3F9DCBE42BF56E1700E10205 /* SearchViewModel.swift in Sources */,
				3F710F7F2BF66B71005E689C /* Onboarding1View.swift in Sources */,
				3FEA9B3F2BF21387009598CA /* Product.swift in Sources */,
				3FDC5F892BFD236F0029BFE8 /* FoodPreferencesView.swift in Sources */,
				3FDC5F922BFDD3B90029BFE8 /* ListViewModel.swift in Sources */,
				3FDC5F9A2BFF9D040029BFE8 /* ProductDetailsViewModel.swift in Sources */,
				3FDC5F9E2C0113360029BFE8 /* SearchCatagoryRowView.swift in Sources */,
				3F13AADE2BF2BC4B00CB4945 /* Constants.swift in Sources */,
				3F9DCBDF2BF4F79B00E10205 /* ScannerSheetView.swift in Sources */,
			);
			runOnlyForDeploymentPostprocessing = 0;
		};
/* End PBXSourcesBuildPhase section */

/* Begin XCBuildConfiguration section */
		3F48F06C2BF0B20A0007EC25 /* Debug */ = {
			isa = XCBuildConfiguration;
			buildSettings = {
				ALWAYS_SEARCH_USER_PATHS = NO;
				ASSETCATALOG_COMPILER_GENERATE_SWIFT_ASSET_SYMBOL_EXTENSIONS = YES;
				CLANG_ANALYZER_NONNULL = YES;
				CLANG_ANALYZER_NUMBER_OBJECT_CONVERSION = YES_AGGRESSIVE;
				CLANG_CXX_LANGUAGE_STANDARD = "gnu++20";
				CLANG_ENABLE_MODULES = YES;
				CLANG_ENABLE_OBJC_ARC = YES;
				CLANG_ENABLE_OBJC_WEAK = YES;
				CLANG_WARN_BLOCK_CAPTURE_AUTORELEASING = YES;
				CLANG_WARN_BOOL_CONVERSION = YES;
				CLANG_WARN_COMMA = YES;
				CLANG_WARN_CONSTANT_CONVERSION = YES;
				CLANG_WARN_DEPRECATED_OBJC_IMPLEMENTATIONS = YES;
				CLANG_WARN_DIRECT_OBJC_ISA_USAGE = YES_ERROR;
				CLANG_WARN_DOCUMENTATION_COMMENTS = YES;
				CLANG_WARN_EMPTY_BODY = YES;
				CLANG_WARN_ENUM_CONVERSION = YES;
				CLANG_WARN_INFINITE_RECURSION = YES;
				CLANG_WARN_INT_CONVERSION = YES;
				CLANG_WARN_NON_LITERAL_NULL_CONVERSION = YES;
				CLANG_WARN_OBJC_IMPLICIT_RETAIN_SELF = YES;
				CLANG_WARN_OBJC_LITERAL_CONVERSION = YES;
				CLANG_WARN_OBJC_ROOT_CLASS = YES_ERROR;
				CLANG_WARN_QUOTED_INCLUDE_IN_FRAMEWORK_HEADER = YES;
				CLANG_WARN_RANGE_LOOP_ANALYSIS = YES;
				CLANG_WARN_STRICT_PROTOTYPES = YES;
				CLANG_WARN_SUSPICIOUS_MOVE = YES;
				CLANG_WARN_UNGUARDED_AVAILABILITY = YES_AGGRESSIVE;
				CLANG_WARN_UNREACHABLE_CODE = YES;
				CLANG_WARN__DUPLICATE_METHOD_MATCH = YES;
				COPY_PHASE_STRIP = NO;
				DEBUG_INFORMATION_FORMAT = dwarf;
				ENABLE_STRICT_OBJC_MSGSEND = YES;
				ENABLE_TESTABILITY = YES;
				ENABLE_USER_SCRIPT_SANDBOXING = YES;
				GCC_C_LANGUAGE_STANDARD = gnu17;
				GCC_DYNAMIC_NO_PIC = NO;
				GCC_NO_COMMON_BLOCKS = YES;
				GCC_OPTIMIZATION_LEVEL = 0;
				GCC_PREPROCESSOR_DEFINITIONS = (
					"DEBUG=1",
					"$(inherited)",
				);
				GCC_WARN_64_TO_32_BIT_CONVERSION = YES;
				GCC_WARN_ABOUT_RETURN_TYPE = YES_ERROR;
				GCC_WARN_UNDECLARED_SELECTOR = YES;
				GCC_WARN_UNINITIALIZED_AUTOS = YES_AGGRESSIVE;
				GCC_WARN_UNUSED_FUNCTION = YES;
				GCC_WARN_UNUSED_VARIABLE = YES;
				IPHONEOS_DEPLOYMENT_TARGET = 17.4;
				LOCALIZATION_PREFERS_STRING_CATALOGS = YES;
				MTL_ENABLE_DEBUG_INFO = INCLUDE_SOURCE;
				MTL_FAST_MATH = YES;
				ONLY_ACTIVE_ARCH = YES;
				SDKROOT = iphoneos;
				SWIFT_ACTIVE_COMPILATION_CONDITIONS = "DEBUG $(inherited)";
				SWIFT_OPTIMIZATION_LEVEL = "-Onone";
			};
			name = Debug;
		};
		3F48F06D2BF0B20A0007EC25 /* Release */ = {
			isa = XCBuildConfiguration;
			buildSettings = {
				ALWAYS_SEARCH_USER_PATHS = NO;
				ASSETCATALOG_COMPILER_GENERATE_SWIFT_ASSET_SYMBOL_EXTENSIONS = YES;
				CLANG_ANALYZER_NONNULL = YES;
				CLANG_ANALYZER_NUMBER_OBJECT_CONVERSION = YES_AGGRESSIVE;
				CLANG_CXX_LANGUAGE_STANDARD = "gnu++20";
				CLANG_ENABLE_MODULES = YES;
				CLANG_ENABLE_OBJC_ARC = YES;
				CLANG_ENABLE_OBJC_WEAK = YES;
				CLANG_WARN_BLOCK_CAPTURE_AUTORELEASING = YES;
				CLANG_WARN_BOOL_CONVERSION = YES;
				CLANG_WARN_COMMA = YES;
				CLANG_WARN_CONSTANT_CONVERSION = YES;
				CLANG_WARN_DEPRECATED_OBJC_IMPLEMENTATIONS = YES;
				CLANG_WARN_DIRECT_OBJC_ISA_USAGE = YES_ERROR;
				CLANG_WARN_DOCUMENTATION_COMMENTS = YES;
				CLANG_WARN_EMPTY_BODY = YES;
				CLANG_WARN_ENUM_CONVERSION = YES;
				CLANG_WARN_INFINITE_RECURSION = YES;
				CLANG_WARN_INT_CONVERSION = YES;
				CLANG_WARN_NON_LITERAL_NULL_CONVERSION = YES;
				CLANG_WARN_OBJC_IMPLICIT_RETAIN_SELF = YES;
				CLANG_WARN_OBJC_LITERAL_CONVERSION = YES;
				CLANG_WARN_OBJC_ROOT_CLASS = YES_ERROR;
				CLANG_WARN_QUOTED_INCLUDE_IN_FRAMEWORK_HEADER = YES;
				CLANG_WARN_RANGE_LOOP_ANALYSIS = YES;
				CLANG_WARN_STRICT_PROTOTYPES = YES;
				CLANG_WARN_SUSPICIOUS_MOVE = YES;
				CLANG_WARN_UNGUARDED_AVAILABILITY = YES_AGGRESSIVE;
				CLANG_WARN_UNREACHABLE_CODE = YES;
				CLANG_WARN__DUPLICATE_METHOD_MATCH = YES;
				COPY_PHASE_STRIP = NO;
				DEBUG_INFORMATION_FORMAT = "dwarf-with-dsym";
				ENABLE_NS_ASSERTIONS = NO;
				ENABLE_STRICT_OBJC_MSGSEND = YES;
				ENABLE_USER_SCRIPT_SANDBOXING = YES;
				GCC_C_LANGUAGE_STANDARD = gnu17;
				GCC_NO_COMMON_BLOCKS = YES;
				GCC_WARN_64_TO_32_BIT_CONVERSION = YES;
				GCC_WARN_ABOUT_RETURN_TYPE = YES_ERROR;
				GCC_WARN_UNDECLARED_SELECTOR = YES;
				GCC_WARN_UNINITIALIZED_AUTOS = YES_AGGRESSIVE;
				GCC_WARN_UNUSED_FUNCTION = YES;
				GCC_WARN_UNUSED_VARIABLE = YES;
				IPHONEOS_DEPLOYMENT_TARGET = 17.4;
				LOCALIZATION_PREFERS_STRING_CATALOGS = YES;
				MTL_ENABLE_DEBUG_INFO = NO;
				MTL_FAST_MATH = YES;
				SDKROOT = iphoneos;
				SWIFT_COMPILATION_MODE = wholemodule;
				VALIDATE_PRODUCT = YES;
			};
			name = Release;
		};
		3F48F06F2BF0B20A0007EC25 /* Debug */ = {
			isa = XCBuildConfiguration;
			buildSettings = {
				ASSETCATALOG_COMPILER_APPICON_NAME = AppIcon;
				ASSETCATALOG_COMPILER_GLOBAL_ACCENT_COLOR_NAME = AccentColor;
				CODE_SIGN_STYLE = Automatic;
				CURRENT_PROJECT_VERSION = 1;
				DEVELOPMENT_ASSET_PATHS = "\"Vitally/Preview Content\"";
				DEVELOPMENT_TEAM = BV862H23C8;
				ENABLE_PREVIEWS = YES;
				GENERATE_INFOPLIST_FILE = YES;
				INFOPLIST_FILE = Vitally/Info.plist;
				INFOPLIST_KEY_NSCameraUsageDescription = "This app need access to your camera to scan products.";
				INFOPLIST_KEY_UIApplicationSceneManifest_Generation = YES;
				INFOPLIST_KEY_UIApplicationSupportsIndirectInputEvents = YES;
				INFOPLIST_KEY_UILaunchScreen_Generation = YES;
				INFOPLIST_KEY_UISupportedInterfaceOrientations_iPad = "UIInterfaceOrientationPortrait UIInterfaceOrientationPortraitUpsideDown UIInterfaceOrientationLandscapeLeft UIInterfaceOrientationLandscapeRight";
				INFOPLIST_KEY_UISupportedInterfaceOrientations_iPhone = "UIInterfaceOrientationPortrait UIInterfaceOrientationLandscapeLeft UIInterfaceOrientationLandscapeRight";
				INFOPLIST_KEY_UIUserInterfaceStyle = LIGHT;
				LD_RUNPATH_SEARCH_PATHS = (
					"$(inherited)",
					"@executable_path/Frameworks",
				);
				MARKETING_VERSION = 1.0;
				PRODUCT_BUNDLE_IDENTIFIER = com.andy.Vitally;
				PRODUCT_NAME = "$(TARGET_NAME)";
				SWIFT_EMIT_LOC_STRINGS = YES;
				SWIFT_VERSION = 5.0;
				TARGETED_DEVICE_FAMILY = "1,2";
			};
			name = Debug;
		};
		3F48F0702BF0B20A0007EC25 /* Release */ = {
			isa = XCBuildConfiguration;
			buildSettings = {
				ASSETCATALOG_COMPILER_APPICON_NAME = AppIcon;
				ASSETCATALOG_COMPILER_GLOBAL_ACCENT_COLOR_NAME = AccentColor;
				CODE_SIGN_STYLE = Automatic;
				CURRENT_PROJECT_VERSION = 1;
				DEVELOPMENT_ASSET_PATHS = "\"Vitally/Preview Content\"";
				DEVELOPMENT_TEAM = BV862H23C8;
				ENABLE_PREVIEWS = YES;
				GENERATE_INFOPLIST_FILE = YES;
				INFOPLIST_FILE = Vitally/Info.plist;
				INFOPLIST_KEY_NSCameraUsageDescription = "This app need access to your camera to scan products.";
				INFOPLIST_KEY_UIApplicationSceneManifest_Generation = YES;
				INFOPLIST_KEY_UIApplicationSupportsIndirectInputEvents = YES;
				INFOPLIST_KEY_UILaunchScreen_Generation = YES;
				INFOPLIST_KEY_UISupportedInterfaceOrientations_iPad = "UIInterfaceOrientationPortrait UIInterfaceOrientationPortraitUpsideDown UIInterfaceOrientationLandscapeLeft UIInterfaceOrientationLandscapeRight";
				INFOPLIST_KEY_UISupportedInterfaceOrientations_iPhone = "UIInterfaceOrientationPortrait UIInterfaceOrientationLandscapeLeft UIInterfaceOrientationLandscapeRight";
				INFOPLIST_KEY_UIUserInterfaceStyle = LIGHT;
				LD_RUNPATH_SEARCH_PATHS = (
					"$(inherited)",
					"@executable_path/Frameworks",
				);
				MARKETING_VERSION = 1.0;
				PRODUCT_BUNDLE_IDENTIFIER = com.andy.Vitally;
				PRODUCT_NAME = "$(TARGET_NAME)";
				SWIFT_EMIT_LOC_STRINGS = YES;
				SWIFT_VERSION = 5.0;
				TARGETED_DEVICE_FAMILY = "1,2";
			};
			name = Release;
		};
/* End XCBuildConfiguration section */

/* Begin XCConfigurationList section */
		3F48F05B2BF0B2090007EC25 /* Build configuration list for PBXProject "Vitally" */ = {
			isa = XCConfigurationList;
			buildConfigurations = (
				3F48F06C2BF0B20A0007EC25 /* Debug */,
				3F48F06D2BF0B20A0007EC25 /* Release */,
			);
			defaultConfigurationIsVisible = 0;
			defaultConfigurationName = Release;
		};
		3F48F06E2BF0B20A0007EC25 /* Build configuration list for PBXNativeTarget "Vitally" */ = {
			isa = XCConfigurationList;
			buildConfigurations = (
				3F48F06F2BF0B20A0007EC25 /* Debug */,
				3F48F0702BF0B20A0007EC25 /* Release */,
			);
			defaultConfigurationIsVisible = 0;
			defaultConfigurationName = Release;
		};
/* End XCConfigurationList section */

/* Begin XCRemoteSwiftPackageReference section */
		3F13AAD82BF2BA7500CB4945 /* XCRemoteSwiftPackageReference "SDWebImageSwiftUI" */ = {
			isa = XCRemoteSwiftPackageReference;
			repositoryURL = "https://github.com/SDWebImage/SDWebImageSwiftUI.git";
			requirement = {
				kind = upToNextMajorVersion;
				minimumVersion = 3.0.4;
			};
		};
		3FEA9B142BF13F4E009598CA /* XCRemoteSwiftPackageReference "firebase-ios-sdk" */ = {
			isa = XCRemoteSwiftPackageReference;
			repositoryURL = "https://github.com/firebase/firebase-ios-sdk.git";
			requirement = {
				kind = upToNextMajorVersion;
				minimumVersion = 10.25.0;
			};
		};
/* End XCRemoteSwiftPackageReference section */

/* Begin XCSwiftPackageProductDependency section */
		3F13AAD92BF2BA7500CB4945 /* SDWebImageSwiftUI */ = {
			isa = XCSwiftPackageProductDependency;
			package = 3F13AAD82BF2BA7500CB4945 /* XCRemoteSwiftPackageReference "SDWebImageSwiftUI" */;
			productName = SDWebImageSwiftUI;
		};
		3FEA9B152BF13F4E009598CA /* FirebaseAuth */ = {
			isa = XCSwiftPackageProductDependency;
			package = 3FEA9B142BF13F4E009598CA /* XCRemoteSwiftPackageReference "firebase-ios-sdk" */;
			productName = FirebaseAuth;
		};
		3FEA9B172BF13F4E009598CA /* FirebaseFirestore */ = {
			isa = XCSwiftPackageProductDependency;
			package = 3FEA9B142BF13F4E009598CA /* XCRemoteSwiftPackageReference "firebase-ios-sdk" */;
			productName = FirebaseFirestore;
		};
		3FEA9B192BF13F4E009598CA /* FirebaseFirestoreSwift */ = {
			isa = XCSwiftPackageProductDependency;
			package = 3FEA9B142BF13F4E009598CA /* XCRemoteSwiftPackageReference "firebase-ios-sdk" */;
			productName = FirebaseFirestoreSwift;
		};
/* End XCSwiftPackageProductDependency section */
	};
	rootObject = 3F48F0582BF0B2090007EC25 /* Project object */;
}
